
Microsoft Visual Studio Solution File, Format Version 12.00
# Visual Studio Version 17
VisualStudioVersion = 17.11.35327.3
MinimumVisualStudioVersion = 10.0.40219.1
Project("{F184B08F-C81C-45F6-A57F-5ABD9991F28F}") = "pv_1", "pv_1\pv_1.vbproj", "{1EF7288B-74A8-4E3E-856B-FDEB94F9DB8C}"
EndProject
Global
	GlobalSection(SolutionConfigurationPlatforms) = preSolution
		Debug|Any CPU = Debug|Any CPU
		Release|Any CPU = Release|Any CPU
	EndGlobalSection
	GlobalSection(ProjectConfigurationPlatforms) = postSolution
		{1EF7288B-74A8-4E3E-856B-FDEB94F9DB8C}.Debug|Any CPU.ActiveCfg = Debug|Any CPU
		{1EF7288B-74A8-4E3E-856B-FDEB94F9DB8C}.Debug|Any CPU.Build.0 = Debug|Any CPU
		{1EF7288B-74A8-4E3E-856B-FDEB94F9DB8C}.Release|Any CPU.ActiveCfg = Release|Any CPU
		{1EF7288B-74A8-4E3E-856B-FDEB94F9DB8C}.Release|Any CPU.Build.0 = Release|Any CPU
	EndGlobalSection
	GlobalSection(SolutionProperties) = preSolution
		HideSolutionNode = FALSE
	EndGlobalSection
	GlobalSection(ExtensibilityGlobals) = postSolution
		SolutionGuid = {EF92D98A-B92E-4F2A-9900-4024CE34618C}
	EndGlobalSection
EndGlobal
